<?xml version="1.0" encoding="UTF-8"?>
<Solution>
	<Configurations>
		<BuildType Name="Debug"/>
		<BuildType Name="Release"/>
		<BuildType Name="MinSizeRel"/>
		<BuildType Name="RelWithDebInfo"/>
		<Platform Name="x64"/>
	</Configurations>
	<Project Path="ALL_BUILD.vcxproj" Type="8bc9ceb8-8b4a-11d0-8d11-00a0c91bc942" Id="95315de5-7df5-3500-92bd-9adafcbd9d06" DefaultStartup="true">
		<BuildDependency Project="ZERO_CHECK.vcxproj"/>
		<BuildDependency Project="audit_lp.vcxproj"/>
		<BuildDependency Project="gen_lp.vcxproj"/>
		<BuildDependency Project="run_checks.vcxproj"/>
		<BuildDependency Project="sovereign_engine.vcxproj"/>
		<BuildDependency Project="sovereign_solve.vcxproj"/>
		<Build Solution="Debug|*" Project="false"/>
		<Build Solution="Release|*" Project="false"/>
		<Build Solution="MinSizeRel|*" Project="false"/>
		<Build Solution="RelWithDebInfo|*" Project="false"/>
	</Project>
	<Project Path="RUN_TESTS.vcxproj" Type="8bc9ceb8-8b4a-11d0-8d11-00a0c91bc942" Id="d7907e1d-c461-3db8-909e-c7f58699a9e3">
		<BuildDependency Project="ZERO_CHECK.vcxproj"/>
		<Build Solution="Debug|*" Project="false"/>
		<Build Solution="Release|*" Project="false"/>
		<Build Solution="MinSizeRel|*" Project="false"/>
		<Build Solution="RelWithDebInfo|*" Project="false"/>
	</Project>
	<Project Path="ZERO_CHECK.vcxproj" Type="8bc9ceb8-8b4a-11d0-8d11-00a0c91bc942" Id="b4233b19-de71-34db-925c-be38b291052e"/>
	<Project Path="audit_lp.vcxproj" Type="8bc9ceb8-8b4a-11d0-8d11-00a0c91bc942" Id="d661cb6c-9a92-3cd1-a1a5-a8caa60e055c">
		<BuildDependency Project="ZERO_CHECK.vcxproj"/>
		<BuildDependency Project="sovereign_engine.vcxproj"/>
	</Project>
	<Project Path="gen_lp.vcxproj" Type="8bc9ceb8-8b4a-11d0-8d11-00a0c91bc942" Id="5b081de3-0742-398e-a35b-a3128992fb75">
		<BuildDependency Project="ZERO_CHECK.vcxproj"/>
	</Project>
	<Project Path="run_checks.vcxproj" Type="8bc9ceb8-8b4a-11d0-8d11-00a0c91bc942" Id="a5d36d9e-4af9-3711-a179-c3f23104a9cc">
		<BuildDependency Project="ZERO_CHECK.vcxproj"/>
		<BuildDependency Project="sovereign_engine.vcxproj"/>
	</Project>
	<Project Path="sovereign_engine.vcxproj" Type="8bc9ceb8-8b4a-11d0-8d11-00a0c91bc942" Id="1f24feed-7936-3be8-a79c-cb5c2715a913">
		<BuildDependency Project="ZERO_CHECK.vcxproj"/>
	</Project>
	<Project Path="sovereign_solve.vcxproj" Type="8bc9ceb8-8b4a-11d0-8d11-00a0c91bc942" Id="568a2f0b-bcf8-3d4e-a9cf-97963a79aa1a">
		<BuildDependency Project="ZERO_CHECK.vcxproj"/>
		<BuildDependency Project="sovereign_engine.vcxproj"/>
	</Project>
</Solution>
